{
  "name": "@bit/bit.envs.common.get-capsule-name",
  "version": "0.0.14",
  "lockfileVersion": 1,
  "requires": true,
  "dependencies": {
    "@types/node": {
      "version": "12.20.1",
      "resolved": "https://registry.npmjs.org/@types/node/-/node-12.20.1.tgz",
      "integrity": "sha512-tCkE96/ZTO+cWbln2xfyvd6ngHLanvVlJ3e5BeirJ3BYI5GbAyubIrmV4JjjugDly5D9fHjOL5MNsqsCnqwW6g==",
      "dev": true
    }
  }
}
